{
    "_readme": [
        "This file locks the dependencies of your project to a known state",
        "Read more about it at http://getcomposer.org/doc/01-basic-usage.md#composer-lock-the-lock-file"
    ],
    "hash": "f1ff0817973123456282890f9f36b979",
    "packages": [
        {
            "name": "Grandt/PHPePub",
            "version": "dev-master",
            "source": {
                "type": "git",
                "url": "https://github.com/Grandt/PHPePub.git",
                "reference": "origin/master"
            },
            "type": "library",
            "time": "2014-01-11 10:20:16"
        },
        {
            "name": "psliwa/php-pdf",
            "version": "dev-master",
            "source": {
                "type": "git",
                "url": "https://github.com/psliwa/PHPPdf.git",
                "reference": "1764eacd964b9b81e900cb2dc577403e4fb58146"
            },
            "dist": {
                "type": "zip",
                "url": "https://api.github.com/repos/psliwa/PHPPdf/zipball/1764eacd964b9b81e900cb2dc577403e4fb58146",
                "reference": "1764eacd964b9b81e900cb2dc577403e4fb58146",
                "shasum": ""
            },
            "require": {
                "zendframework/zend-cache": ">=2.0.0-rc2",
                "zendframework/zend-memory": ">=2.0.0-rc2",
                "zendframework/zendpdf": ">=2.0.0-rc2"
            },
            "suggest": {
                "imagine/Imagine": "If you want to use image generating (required version: >=v0.2.6)",
                "zendframework/zend-barcode": "If you want to use barcodes",
                "zendframework/zend-validator": "If you want to use barcodes (required by zend-barcode)"
            },
            "type": "library",
            "autoload": {
                "psr-0": {
                    "PHPPdf": "lib/",
                    "Imagine": "lib/"
                }
            },
            "notification-url": "https://packagist.org/downloads/",
            "license": [
                "MIT"
            ],
            "authors": [
                {
                    "name": "Piotr Śliwa",
                    "email": "peter.pl7@gmail.com",
                    "homepage": "http://ohey.pl"
                }
            ],
            "description": "Pdf and graphic files generator library for PHP.",
            "keywords": [
                "PHPPdf",
                "pdf"
            ],
            "time": "2014-03-19 19:28:44"
        },
        {
            "name": "twig/twig",
            "version": "dev-master",
            "source": {
                "type": "git",
                "url": "https://github.com/fabpot/Twig.git",
                "reference": "55253c3f37b1b47ad797eb95f27b0a33e3a76d2f"
            },
            "dist": {
                "type": "zip",
                "url": "https://api.github.com/repos/fabpot/Twig/zipball/55253c3f37b1b47ad797eb95f27b0a33e3a76d2f",
                "reference": "55253c3f37b1b47ad797eb95f27b0a33e3a76d2f",
                "shasum": ""
            },
            "require": {
                "php": ">=5.2.4"
            },
            "type": "library",
            "extra": {
                "branch-alias": {
                    "dev-master": "1.15-dev"
                }
            },
            "autoload": {
                "psr-0": {
                    "Twig_": "lib/"
                }
            },
            "notification-url": "https://packagist.org/downloads/",
            "license": [
                "BSD-3-Clause"
            ],
            "authors": [
                {
                    "name": "Fabien Potencier",
                    "email": "fabien@symfony.com",
                    "homepage": "http://fabien.potencier.org",
                    "role": "Lead Developer"
                },
                {
                    "name": "Armin Ronacher",
                    "email": "armin.ronacher@active-4.com",
                    "role": "Project Founder"
                },
                {
                    "name": "Twig Team",
                    "homepage": "https://github.com/fabpot/Twig/graphs/contributors",
                    "role": "Contributors"
                }
            ],
            "description": "Twig, the flexible, fast, and secure template language for PHP",
            "homepage": "http://twig.sensiolabs.org",
            "keywords": [
                "templating"
            ],
            "time": "2014-05-15 19:43:48"
        },
        {
            "name": "zendframework/zend-cache",
            "version": "2.3.0",
            "target-dir": "Zend/Cache",
            "source": {
                "type": "git",
                "url": "https://github.com/zendframework/Component_ZendCache.git",
                "reference": "00ab70f3bcbc9d9d2a925a1221410de8a941f3e8"
            },
            "dist": {
                "type": "zip",
                "url": "https://api.github.com/repos/zendframework/Component_ZendCache/zipball/00ab70f3bcbc9d9d2a925a1221410de8a941f3e8",
                "reference": "00ab70f3bcbc9d9d2a925a1221410de8a941f3e8",
                "shasum": ""
            },
            "require": {
                "php": ">=5.3.23",
                "zendframework/zend-eventmanager": "self.version",
                "zendframework/zend-servicemanager": "self.version",
                "zendframework/zend-stdlib": "self.version"
            },
            "require-dev": {
                "zendframework/zend-serializer": "self.version",
                "zendframework/zend-session": "self.version"
            },
            "suggest": {
                "ext-apc": "APC >= 3.1.6 to use the APC storage adapter",
                "ext-dba": "DBA, to use the DBA storage adapter",
                "ext-memcached": "Memcached >= 1.0.0 to use the Memcached storage adapter",
                "ext-wincache": "WinCache, to use the WinCache storage adapter",
                "zendframework/zend-serializer": "Zend\\Serializer component",
                "zendframework/zend-session": "Zend\\Session component"
            },
            "type": "library",
            "extra": {
                "branch-alias": {
                    "dev-master": "2.2-dev",
                    "dev-develop": "2.3-dev"
                }
            },
            "autoload": {
                "psr-0": {
                    "Zend\\Cache\\": ""
                }
            },
            "notification-url": "https://packagist.org/downloads/",
            "license": [
                "BSD-3-Clause"
            ],
            "description": "provides a generic way to cache any data",
            "keywords": [
                "cache",
                "zf2"
            ],
            "time": "2014-03-14 16:20:37"
        },
        {
            "name": "zendframework/zend-eventmanager",
            "version": "2.3.0",
            "target-dir": "Zend/EventManager",
            "source": {
                "type": "git",
                "url": "https://github.com/zendframework/Component_ZendEventManager.git",
                "reference": "048164ee81854942667ffdda3030ce06caa79bb5"
            },
            "dist": {
                "type": "zip",
                "url": "https://api.github.com/repos/zendframework/Component_ZendEventManager/zipball/048164ee81854942667ffdda3030ce06caa79bb5",
                "reference": "048164ee81854942667ffdda3030ce06caa79bb5",
                "shasum": ""
            },
            "require": {
                "php": ">=5.3.23",
                "zendframework/zend-stdlib": "self.version"
            },
            "type": "library",
            "extra": {
                "branch-alias": {
                    "dev-master": "2.2-dev",
                    "dev-develop": "2.3-dev"
                }
            },
            "autoload": {
                "psr-0": {
                    "Zend\\EventManager\\": ""
                }
            },
            "notification-url": "https://packagist.org/downloads/",
            "license": [
                "BSD-3-Clause"
            ],
            "keywords": [
                "eventmanager",
                "zf2"
            ],
            "time": "2014-03-14 16:21:05"
        },
        {
            "name": "zendframework/zend-memory",
            "version": "2.3.0",
            "target-dir": "Zend/Memory",
            "source": {
                "type": "git",
                "url": "https://github.com/zendframework/Component_ZendMemory.git",
                "reference": "d647d5b726b89642e08823094b22266ae071f3c3"
            },
            "dist": {
                "type": "zip",
                "url": "https://api.github.com/repos/zendframework/Component_ZendMemory/zipball/d647d5b726b89642e08823094b22266ae071f3c3",
                "reference": "d647d5b726b89642e08823094b22266ae071f3c3",
                "shasum": ""
            },
            "require": {
                "php": ">=5.3.23"
            },
            "require-dev": {
                "zendframework/zend-cache": "self.version"
            },
            "suggest": {
                "zendframework/zend-cache": "To support swap the memory objects"
            },
            "type": "library",
            "extra": {
                "branch-alias": {
                    "dev-master": "2.2-dev",
                    "dev-develop": "2.3-dev"
                }
            },
            "autoload": {
                "psr-0": {
                    "Zend\\Memory\\": ""
                }
            },
            "notification-url": "https://packagist.org/downloads/",
            "license": [
                "BSD-3-Clause"
            ],
            "keywords": [
                "memory",
                "zf2"
            ],
            "time": "2014-03-14 16:21:45"
        },
        {
            "name": "zendframework/zend-servicemanager",
            "version": "2.3.0",
            "target-dir": "Zend/ServiceManager",
            "source": {
                "type": "git",
                "url": "https://github.com/zendframework/Component_ZendServiceManager.git",
                "reference": "310187f89fe830ed4484499f78338631f29d25c7"
            },
            "dist": {
                "type": "zip",
                "url": "https://api.github.com/repos/zendframework/Component_ZendServiceManager/zipball/310187f89fe830ed4484499f78338631f29d25c7",
                "reference": "310187f89fe830ed4484499f78338631f29d25c7",
                "shasum": ""
            },
            "require": {
                "php": ">=5.3.23"
            },
            "require-dev": {
                "zendframework/zend-di": "self.version"
            },
            "suggest": {
                "zendframework/zend-di": "Zend\\Di component"
            },
            "type": "library",
            "extra": {
                "branch-alias": {
                    "dev-master": "2.2-dev",
                    "dev-develop": "2.3-dev"
                }
            },
            "autoload": {
                "psr-0": {
                    "Zend\\ServiceManager\\": ""
                }
            },
            "notification-url": "https://packagist.org/downloads/",
            "license": [
                "BSD-3-Clause"
            ],
            "keywords": [
                "servicemanager",
                "zf2"
            ],
            "time": "2014-03-14 16:22:14"
        },
        {
            "name": "zendframework/zend-stdlib",
            "version": "2.3.0",
            "target-dir": "Zend/Stdlib",
            "source": {
                "type": "git",
                "url": "https://github.com/zendframework/Component_ZendStdlib.git",
                "reference": "d1c481b8a43f2f079b16d3567960ba539e9dacaa"
            },
            "dist": {
                "type": "zip",
                "url": "https://api.github.com/repos/zendframework/Component_ZendStdlib/zipball/d1c481b8a43f2f079b16d3567960ba539e9dacaa",
                "reference": "d1c481b8a43f2f079b16d3567960ba539e9dacaa",
                "shasum": ""
            },
            "require": {
                "php": ">=5.3.23"
            },
            "require-dev": {
                "zendframework/zend-eventmanager": "self.version",
                "zendframework/zend-serializer": "self.version",
                "zendframework/zend-servicemanager": "self.version"
            },
            "suggest": {
                "zendframework/zend-eventmanager": "To support aggregate hydrator usage",
                "zendframework/zend-serializer": "Zend\\Serializer component",
                "zendframework/zend-servicemanager": "To support hydrator plugin manager usage"
            },
            "type": "library",
            "extra": {
                "branch-alias": {
                    "dev-master": "2.2-dev",
                    "dev-develop": "2.3-dev"
                }
            },
            "autoload": {
                "psr-0": {
                    "Zend\\Stdlib\\": ""
                }
            },
            "notification-url": "https://packagist.org/downloads/",
            "license": [
                "BSD-3-Clause"
            ],
            "keywords": [
                "stdlib",
                "zf2"
            ],
            "time": "2014-03-14 16:22:22"
        },
        {
            "name": "zendframework/zendpdf",
            "version": "2.0.2",
            "source": {
                "type": "git",
                "url": "https://github.com/zendframework/ZendPdf.git",
                "reference": "041f90c339cff63a3c4d03a28ef1ea5188059793"
            },
            "dist": {
                "type": "zip",
                "url": "https://api.github.com/repos/zendframework/ZendPdf/zipball/041f90c339cff63a3c4d03a28ef1ea5188059793",
                "reference": "041f90c339cff63a3c4d03a28ef1ea5188059793",
                "shasum": ""
            },
            "require": {
                "php": ">=5.3.3",
                "zendframework/zend-memory": ">=2.0.0",
                "zendframework/zend-stdlib": ">=2.0.0"
            },
            "type": "library",
            "extra": {
                "branch-alias": {
                    "dev-master": "2.0.x-dev"
                }
            },
            "autoload": {
                "psr-0": {
                    "ZendPdf\\": "library/"
                }
            },
            "notification-url": "https://packagist.org/downloads/",
            "license": [
                "BSD-3-Clause"
            ],
            "description": "Zend Pdf Component",
            "homepage": "http://packages.zendframework.com/",
            "keywords": [
                "pdf",
                "zf2"
            ],
            "time": "2012-11-16 11:16:01"
        }
    ],
    "packages-dev": [

    ],
    "aliases": [

    ],
    "minimum-stability": "stable",
    "stability-flags": {
        "twig/twig": 20,
        "psliwa/php-pdf": 20,
        "grandt/phpepub": 20
    },
    "platform": [

    ],
    "platform-dev": [

    ]
}
